<?xml version="1.0" encoding="utf-8"?>
<Project ToolsVersion="4.0" xmlns="http://schemas.microsoft.com/developer/msbuild/2003">
  <ItemGroup>
    <Filter Include="source">
      <UniqueIdentifier>{6719f4f1-303e-4d89-aad4-4725d83e1c48}</UniqueIdentifier>
    </Filter>
  </ItemGroup>
  <ItemGroup>
    <ClCompile Include="..\source\test_dll2.cpp">
      <Filter>source</Filter>
    </ClCompile>
  </ItemGroup>
</Project>