<?xml version="1.0" encoding="utf-8"?>
<Project ToolsVersion="4.0" xmlns="http://schemas.microsoft.com/developer/msbuild/2003">
  <ItemGroup>
    <ClInclude Include="Source\App.hpp" />
    <ClInclude Include="Source\PCH.hpp" />
    <ClInclude Include="Source\KeyCode.hpp" />
    <ClInclude Include="Source\AppWin.hpp" />
    <ClInclude Include="Source\DX11\DX11.hpp" />
    <ClInclude Include="Source\DX11\Utils\ResultUtil.hpp" />
    <ClInclude Include="Source\DX11\Utils\DX11Util.hpp" />
    <ClInclude Include="Source\DX11\DX11Prerequisites.hpp" />
    <ClInclude Include="Source\DX11\Demo\Demo.hpp" />
    <ClInclude Include="Source\DX11\Utils\StringUtil.hpp" />
    <ClInclude Include="Source\DX11\External\lodepng\lodepng.h" />
    <ClInclude Include="Source\DX11\External\ImGui\imconfig.h" />
    <ClInclude Include="Source\DX11\External\ImGui\imgui.h" />
    <ClInclude Include="Source\DX11\External\ImGui\ImGui_DX11.h" />
    <ClInclude Include="Source\DX11\External\ImGui\imgui_impl_dx11.h" />
    <ClInclude Include="Source\DX11\External\ImGui\imgui_impl_win32.h" />
    <ClInclude Include="Source\DX11\External\ImGui\imgui_internal.h" />
    <ClInclude Include="Source\DX11\External\ImGui\imgui_stdlib.h" />
    <ClInclude Include="Source\DX11\External\ImGui\imstb_rectpack.h" />
    <ClInclude Include="Source\DX11\External\ImGui\imstb_textedit.h" />
    <ClInclude Include="Source\DX11\External\ImGui\imstb_truetype.h" />
    <ClInclude Include="Source\DX11\Demo\Triangle\TriangleDemo.hpp" />
    <ClInclude Include="Source\DX11\Demo\Texture\TextureDemo.hpp" />
    <ClInclude Include="Source\DX11\Demo\AllDemo.hpp" />
    <ClInclude Include="Source\DX11\Graphics\Sampler.hpp" />
    <ClInclude Include="Source\DX11\Graphics\Texture.hpp" />
    <ClInclude Include="Source\DX11\Graphics\BlendState.hpp" />
    <ClInclude Include="Source\DX11\External\glm\glm_Prerequisites.h" />
    <ClInclude Include="Source\DX11\External\ImGui\ImGuiEx.h" />
    <ClInclude Include="Source\DX11\Graphics\ConstantBuffer.hpp" />
  </ItemGroup>
  <ItemGroup>
    <ClCompile Include="Source\PCH.cpp" />
    <ClCompile Include="Source\WinMain.cpp" />
    <ClCompile Include="Source\AppWin.cpp" />
    <ClCompile Include="Source\AppMain.cpp" />
    <ClCompile Include="Source\DX11\DX11.cpp" />
    <ClCompile Include="Source\DX11\Utils\ResultUtil.cpp" />
    <ClCompile Include="Source\DX11\Demo\Demo.cpp" />
    <ClCompile Include="Source\DX11\Utils\DX11Util.cpp" />
    <ClCompile Include="Source\DX11\Utils\StringUtil.cpp" />
    <ClCompile Include="Source\DX11\External\lodepng\lodepng.cpp" />
    <ClCompile Include="Source\DX11\External\ImGui\imgui.cpp" />
    <ClCompile Include="Source\DX11\External\ImGui\imgui_demo.cpp" />
    <ClCompile Include="Source\DX11\External\ImGui\imgui_draw.cpp" />
    <ClCompile Include="Source\DX11\External\ImGui\imgui_impl_dx11.cpp" />
    <ClCompile Include="Source\DX11\External\ImGui\imgui_impl_win32.cpp" />
    <ClCompile Include="Source\DX11\External\ImGui\imgui_stdlib.cpp" />
    <ClCompile Include="Source\DX11\External\ImGui\imgui_widgets.cpp" />
    <ClCompile Include="Source\DX11\Demo\Triangle\TriangleDemo.cpp" />
    <ClCompile Include="Source\DX11\Demo\Texture\TextureDemo.cpp" />
    <ClCompile Include="Source\DX11\Graphics\Sampler.cpp" />
    <ClCompile Include="Source\DX11\Graphics\Texture.cpp" />
    <ClCompile Include="Source\DX11\Graphics\BlendState.cpp" />
    <ClCompile Include="Source\DX11\External\ImGui\ImGui_DX11.cpp" />
    <ClCompile Include="Source\DX11\External\ImGui\ImGuiEx.cpp" />
    <ClCompile Include="Source\DX11\Graphics\ConstantBuffer.cpp" />
  </ItemGroup>
</Project>