<?xml version="1.0" encoding="utf-8"?>
<Project ToolsVersion="4.0" xmlns="http://schemas.microsoft.com/developer/msbuild/2003">
  <ItemGroup>
    <ClInclude Include="Source\DX11\Demo\DiffuseLighting\DiffuseLightingDemo.h" />
    <ClInclude Include="Source\DX11\Demo\Texture\TextureDemo.h" />
    <ClInclude Include="Source\DX11\Demo\Triangle\TriangleDemo.h" />
    <ClInclude Include="Source\DX11\Demo\Demo.h" />
    <ClInclude Include="Source\DX11\External\cereal\cereal_Prerequisites.h" />
    <ClInclude Include="Source\DX11\External\glm\glm_Prerequisites.h" />
    <ClInclude Include="Source\DX11\External\ImGui\ImGui_DX11.h" />
    <ClInclude Include="Source\DX11\External\ImGui\ImGuiEx.h" />
    <ClInclude Include="Source\DX11\Geometry\Font\BitmapFont.h" />
    <ClInclude Include="Source\DX11\Geometry\Font\FontData.h" />
    <ClInclude Include="Source\DX11\Geometry\Camera.h" />
    <ClInclude Include="Source\DX11\Geometry\Transform.h" />
    <ClInclude Include="Source\DX11\Graphics\BlendState.h" />
    <ClInclude Include="Source\DX11\Graphics\Sampler.h" />
    <ClInclude Include="Source\DX11\Graphics\Texture.h" />
    <ClInclude Include="Source\DX11\DX11.h" />
    <ClInclude Include="Source\DX11\DX11Prerequisites.h" />
    <ClInclude Include="Source\App.h" />
    <ClInclude Include="Source\AppWin.h" />
    <ClInclude Include="Source\KeyCode.h" />
    <ClInclude Include="Source\PCH.h" />
    <ClInclude Include="Source\DX11\Utils\DX11Util.h" />
    <ClInclude Include="Source\DX11\Utils\MathUtil.h" />
    <ClInclude Include="Source\DX11\Utils\PathUtil.h" />
    <ClInclude Include="Source\DX11\Utils\ResultUtil.h" />
    <ClInclude Include="Source\DX11\Utils\StringUtil.h" />
    <ClInclude Include="Source\DX11\Demo\AllDemo.h" />
    <ClInclude Include="Source\DX11\Graphics\Shader.h" />
    <ClInclude Include="Source\DX11\Graphics\RasterizerState.h" />
    <ClInclude Include="Source\DX11\Graphics\Vertex.h" />
    <ClInclude Include="Source\DX11\Graphics\BufferResource.h" />
    <ClInclude Include="Source\DX11\Graphics\ConstantBufferData.h" />
    <ClInclude Include="Source\DX11\Geometry\Model\Mesh.h" />
  </ItemGroup>
  <ItemGroup>
    <ClCompile Include="Source\PCH.cpp" />
    <ClCompile Include="Source\WinMain.cpp" />
    <ClCompile Include="Source\AppWin.cpp" />
    <ClCompile Include="Source\AppMain.cpp" />
    <ClCompile Include="Source\DX11\DX11.cpp" />
    <ClCompile Include="Source\DX11\Utils\ResultUtil.cpp" />
    <ClCompile Include="Source\DX11\Demo\Demo.cpp" />
    <ClCompile Include="Source\DX11\Utils\DX11Util.cpp" />
    <ClCompile Include="Source\DX11\Utils\StringUtil.cpp" />
    <ClCompile Include="Source\DX11\Demo\Triangle\TriangleDemo.cpp" />
    <ClCompile Include="Source\DX11\Demo\Texture\TextureDemo.cpp" />
    <ClCompile Include="Source\DX11\Graphics\Sampler.cpp" />
    <ClCompile Include="Source\DX11\Graphics\Texture.cpp" />
    <ClCompile Include="Source\DX11\Graphics\BlendState.cpp" />
    <ClCompile Include="Source\DX11\External\ImGui\ImGui_DX11.cpp" />
    <ClCompile Include="Source\DX11\External\ImGui\ImGuiEx.cpp" />
    <ClCompile Include="Source\DX11\Geometry\Transform.cpp" />
    <ClCompile Include="Source\DX11\Geometry\Camera.cpp" />
    <ClCompile Include="Source\DX11\External\lodepng\lodepng_Build.cpp" />
    <ClCompile Include="Source\DX11\External\ImGui\ImGui_Build.cpp" />
    <ClCompile Include="Source\DX11\Geometry\Font\BitmapFont.cpp" />
    <ClCompile Include="Source\DX11\Geometry\Font\FontData.cpp" />
    <ClCompile Include="Source\DX11\Utils\PathUtil.cpp" />
    <ClCompile Include="Source\DX11\External\tinyobjloader\tinyobjloader_Build.cpp" />
    <ClCompile Include="Source\DX11\Demo\DiffuseLighting\DiffuseLightingDemo.cpp" />
    <ClCompile Include="Source\DX11\Graphics\Shader.cpp" />
    <ClCompile Include="Source\DX11\Graphics\RasterizerState.cpp" />
    <ClCompile Include="Source\DX11\Graphics\BufferResource.cpp" />
    <ClCompile Include="Source\DX11\Graphics\ConstantBufferData.cpp" />
    <ClCompile Include="Source\DX11\Geometry\Model\Mesh.cpp" />
  </ItemGroup>
</Project>