<?xml version="1.0" encoding="utf-8"?>
<Project ToolsVersion="4.0" xmlns="http://schemas.microsoft.com/developer/msbuild/2003">
  <ItemGroup>
    <Filter Include="source">
      <UniqueIdentifier>{b693ed12-94f1-4828-8356-4ae85b6c1010}</UniqueIdentifier>
    </Filter>
  </ItemGroup>
  <ItemGroup>
    <ClCompile Include="..\source\test_lib.cpp">
      <Filter>source</Filter>
    </ClCompile>
  </ItemGroup>
  <ItemGroup>
    <ClInclude Include="..\source\test_lib.h">
      <Filter>source</Filter>
    </ClInclude>
    <ClInclude Include="..\source\test_module.h">
      <Filter>source</Filter>
    </ClInclude>
  </ItemGroup>
</Project>